// !$*UTF8*$!
{
	archiveVersion = 1;
	classes = {
	};
	objectVersion = 46;
	objects = {

/* Begin PBXBuildFile section */
		6A3F29691DC4C65E00C7E450 /* AppDelegate.swift in Sources */ = {isa = PBXBuildFile; fileRef = 6A3F29681DC4C65E00C7E450 /* AppDelegate.swift */; };
		6A3F296B1DC4C65E00C7E450 /* ViewController.swift in Sources */ = {isa = PBXBuildFile; fileRef = 6A3F296A1DC4C65E00C7E450 /* ViewController.swift */; };
		6A3F296D1DC4C65E00C7E450 /* Assets.xcassets in Resources */ = {isa = PBXBuildFile; fileRef = 6A3F296C1DC4C65E00C7E450 /* Assets.xcassets */; };
		6A3F29701DC4C65E00C7E450 /* Main.storyboard in Resources */ = {isa = PBXBuildFile; fileRef = 6A3F296E1DC4C65E00C7E450 /* Main.storyboard */; };
/* End PBXBuildFile section */

/* Begin PBXFileReference section */
		6A3F29651DC4C65E00C7E450 /* CounterTouchBar.app */ = {isa = PBXFileReference; explicitFileType = wrapper.application; includeInIndex = 0; path = CounterTouchBar.app; sourceTree = BUILT_PRODUCTS_DIR; };
		6A3F29681DC4C65E00C7E450 /* AppDelegate.swift */ = {isa = PBXFileReference; lastKnownFileType = sourcecode.swift; path = AppDelegate.swift; sourceTree = "<group>"; };
		6A3F296A1DC4C65E00C7E450 /* ViewController.swift */ = {isa = PBXFileReference; lastKnownFileType = sourcecode.swift; path = ViewController.swift; sourceTree = "<group>"; };
		6A3F296C1DC4C65E00C7E450 /* Assets.xcassets */ = {isa = PBXFileReference; lastKnownFileType = folder.assetcatalog; path = Assets.xcassets; sourceTree = "<group>"; };
		6A3F296F1DC4C65E00C7E450 /* Base */ = {isa = PBXFileReference; lastKnownFileType = file.storyboard; name = Base; path = Base.lproj/Main.storyboard; sourceTree = "<group>"; };
		6A3F29711DC4C65E00C7E450 /* Info.plist */ = {isa = PBXFileReference; lastKnownFileType = text.plist.xml; path = Info.plist; sourceTree = "<group>"; };
/* End PBXFileReference section */

/* Begin PBXFrameworksBuildPhase section */
		6A3F29621DC4C65E00C7E450 /* Frameworks */ = {
			isa = PBXFrameworksBuildPhase;
			buildActionMask = 2147483647;
			files = (
			);
			runOnlyForDeploymentPostprocessing = 0;
		};
/* End PBXFrameworksBuildPhase section */

/* Begin PBXGroup section */
		6A3F295C1DC4C65E00C7E450 = {
			isa = PBXGroup;
			children = (
				6A3F29671DC4C65E00C7E450 /* CounterTouchBar */,
				6A3F29661DC4C65E00C7E450 /* Products */,
			);
			sourceTree = "<group>";
		};
		6A3F29661DC4C65E00C7E450 /* Products */ = {
			isa = PBXGroup;
			children = (
				6A3F29651DC4C65E00C7E450 /* CounterTouchBar.app */,
			);
			name = Products;
			sourceTree = "<group>";
		};
		6A3F29671DC4C65E00C7E450 /* CounterTouchBar */ = {
			isa = PBXGroup;
			children = (
				6A3F29681DC4C65E00C7E450 /* AppDelegate.swift */,
				6A3F296A1DC4C65E00C7E450 /* ViewController.swift */,
				6A3F296C1DC4C65E00C7E450 /* Assets.xcassets */,
				6A3F296E1DC4C65E00C7E450 /* Main.storyboard */,
				6A3F29711DC4C65E00C7E450 /* Info.plist */,
			);
			path = CounterTouchBar;
			sourceTree = "<group>";
		};
/* End PBXGroup section */

/* Begin PBXNativeTarget section */
		6A3F29641DC4C65E00C7E450 /* CounterTouchBar */ = {
			isa = PBXNativeTarget;
			buildConfigurationList = 6A3F29741DC4C65E00C7E450 /* Build configuration list for PBXNativeTarget "CounterTouchBar" */;
			buildPhases = (
				6A3F29611DC4C65E00C7E450 /* Sources */,
				6A3F29621DC4C65E00C7E450 /* Frameworks */,
				6A3F29631DC4C65E00C7E450 /* Resources */,
			);
			buildRules = (
			);
			dependencies = (
			);
			name = CounterTouchBar;
			productName = CounterTouchBar;
			productReference = 6A3F29651DC4C65E00C7E450 /* CounterTouchBar.app */;
			productType = "com.apple.product-type.application";
		};
/* End PBXNativeTarget section */

/* Begin PBXProject section */
		6A3F295D1DC4C65E00C7E450 /* Project object */ = {
			isa = PBXProject;
			attributes = {
				LastSwiftUpdateCheck = 0810;
				LastUpgradeCheck = 0810;
				ORGANIZATIONNAME = "Jirat Ki.";
				TargetAttributes = {
					6A3F29641DC4C65E00C7E450 = {
						CreatedOnToolsVersion = 8.1;
						ProvisioningStyle = Automatic;
					};
				};
			};
			buildConfigurationList = 6A3F29601DC4C65E00C7E450 /* Build configuration list for PBXProject "CounterTouchBar" */;
			compatibilityVersion = "Xcode 3.2";
			developmentRegion = English;
			hasScannedForEncodings = 0;
			knownRegions = (
				en,
				Base,
			);
			mainGroup = 6A3F295C1DC4C65E00C7E450;
			productRefGroup = 6A3F29661DC4C65E00C7E450 /* Products */;
			projectDirPath = "";
			projectRoot = "";
			targets = (
				6A3F29641DC4C65E00C7E450 /* CounterTouchBar */,
			);
		};
/* End PBXProject section */

/* Begin PBXResourcesBuildPhase section */
		6A3F29631DC4C65E00C7E450 /* Resources */ = {
			isa = PBXResourcesBuildPhase;
			buildActionMask = 2147483647;
			files = (
				6A3F296D1DC4C65E00C7E450 /* Assets.xcassets in Resources */,
				6A3F29701DC4C65E00C7E450 /* Main.storyboard in Resources */,
			);
			runOnlyForDeploymentPostprocessing = 0;
		};
/* End PBXResourcesBuildPhase section */

/* Begin PBXSourcesBuildPhase section */
		6A3F29611DC4C65E00C7E450 /* Sources */ = {
			isa = PBXSourcesBuildPhase;
			buildActionMask = 2147483647;
			files = (
				6A3F296B1DC4C65E00C7E450 /* ViewController.swift in Sources */,
				6A3F29691DC4C65E00C7E450 /* AppDelegate.swift in Sources */,
			);
			runOnlyForDeploymentPostprocessing = 0;
		};
/* End PBXSourcesBuildPhase section */

/* Begin PBXVariantGroup section */
		6A3F296E1DC4C65E00C7E450 /* Main.storyboard */ = {
			isa = PBXVariantGroup;
			children = (
				6A3F296F1DC4C65E00C7E450 /* Base */,
			);
			name = Main.storyboard;
			sourceTree = "<group>";
		};
/* End PBXVariantGroup section */

/* Begin XCBuildConfiguration section */
		6A3F29721DC4C65E00C7E450 /* Debug */ = {
			isa = XCBuildConfiguration;
			buildSettings = {
				ALWAYS_SEARCH_USER_PATHS = NO;
				CLANG_ANALYZER_NONNULL = YES;
				CLANG_CXX_LANGUAGE_STANDARD = "gnu++0x";
				CLANG_CXX_LIBRARY = "libc++";
				CLANG_ENABLE_MODULES = YES;
				CLANG_ENABLE_OBJC_ARC = YES;
				CLANG_WARN_BOOL_CONVERSION = YES;
				CLANG_WARN_CONSTANT_CONVERSION = YES;
				CLANG_WARN_DIRECT_OBJC_ISA_USAGE = YES_ERROR;
				CLANG_WARN_DOCUMENTATION_COMMENTS = YES;
				CLANG_WARN_EMPTY_BODY = YES;
				CLANG_WARN_ENUM_CONVERSION = YES;
				CLANG_WARN_INFINITE_RECURSION = YES;
				CLANG_WARN_INT_CONVERSION = YES;
				CLANG_WARN_OBJC_ROOT_CLASS = YES_ERROR;
				CLANG_WARN_SUSPICIOUS_MOVES = YES;
				CLANG_WARN_UNREACHABLE_CODE = YES;
				CLANG_WARN__DUPLICATE_METHOD_MATCH = YES;
				CODE_SIGN_IDENTITY = "-";
				COPY_PHASE_STRIP = NO;
				DEBUG_INFORMATION_FORMAT = dwarf;
				ENABLE_STRICT_OBJC_MSGSEND = YES;
				ENABLE_TESTABILITY = YES;
				GCC_C_LANGUAGE_STANDARD = gnu99;
				GCC_DYNAMIC_NO_PIC = NO;
				GCC_NO_COMMON_BLOCKS = YES;
				GCC_OPTIMIZATION_LEVEL = 0;
				GCC_PREPROCESSOR_DEFINITIONS = (
					"DEBUG=1",
					"$(inherited)",
				);
				GCC_WARN_64_TO_32_BIT_CONVERSION = YES;
				GCC_WARN_ABOUT_RETURN_TYPE = YES_ERROR;
				GCC_WARN_UNDECLARED_SELECTOR = YES;
				GCC_WARN_UNINITIALIZED_AUTOS = YES_AGGRESSIVE;
				GCC_WARN_UNUSED_FUNCTION = YES;
				GCC_WARN_UNUSED_VARIABLE = YES;
				MACOSX_DEPLOYMENT_TARGET = 10.12;
				MTL_ENABLE_DEBUG_INFO = YES;
				ONLY_ACTIVE_ARCH = YES;
				SDKROOT = macosx;
				SWIFT_ACTIVE_COMPILATION_CONDITIONS = DEBUG;
				SWIFT_OPTIMIZATION_LEVEL = "-Onone";
			};
			name = Debug;
		};
		6A3F29731DC4C65E00C7E450 /* Release */ = {
			isa = XCBuildConfiguration;
			buildSettings = {
				ALWAYS_SEARCH_USER_PATHS = NO;
				CLANG_ANALYZER_NONNULL = YES;
				CLANG_CXX_LANGUAGE_STANDARD = "gnu++0x";
				CLANG_CXX_LIBRARY = "libc++";
				CLANG_ENABLE_MODULES = YES;
				CLANG_ENABLE_OBJC_ARC = YES;
				CLANG_WARN_BOOL_CONVERSION = YES;
				CLANG_WARN_CONSTANT_CONVERSION = YES;
				CLANG_WARN_DIRECT_OBJC_ISA_USAGE = YES_ERROR;
				CLANG_WARN_DOCUMENTATION_COMMENTS = YES;
				CLANG_WARN_EMPTY_BODY = YES;
				CLANG_WARN_ENUM_CONVERSION = YES;
				CLANG_WARN_INFINITE_RECURSION = YES;
				CLANG_WARN_INT_CONVERSION = YES;
				CLANG_WARN_OBJC_ROOT_CLASS = YES_ERROR;
				CLANG_WARN_SUSPICIOUS_MOVES = YES;
				CLANG_WARN_UNREACHABLE_CODE = YES;
				CLANG_WARN__DUPLICATE_METHOD_MATCH = YES;
				CODE_SIGN_IDENTITY = "-";
				COPY_PHASE_STRIP = NO;
				DEBUG_INFORMATION_FORMAT = "dwarf-with-dsym";
				ENABLE_NS_ASSERTIONS = NO;
				ENABLE_STRICT_OBJC_MSGSEND = YES;
				GCC_C_LANGUAGE_STANDARD = gnu99;
				GCC_NO_COMMON_BLOCKS = YES;
				GCC_WARN_64_TO_32_BIT_CONVERSION = YES;
				GCC_WARN_ABOUT_RETURN_TYPE = YES_ERROR;
				GCC_WARN_UNDECLARED_SELECTOR = YES;
				GCC_WARN_UNINITIALIZED_AUTOS = YES_AGGRESSIVE;
				GCC_WARN_UNUSED_FUNCTION = YES;
				GCC_WARN_UNUSED_VARIABLE = YES;
				MACOSX_DEPLOYMENT_TARGET = 10.12;
				MTL_ENABLE_DEBUG_INFO = NO;
				SDKROOT = macosx;
				SWIFT_OPTIMIZATION_LEVEL = "-Owholemodule";
			};
			name = Release;
		};
		6A3F29751DC4C65E00C7E450 /* Debug */ = {
			isa = XCBuildConfiguration;
			buildSettings = {
				ASSETCATALOG_COMPILER_APPICON_NAME = AppIcon;
				COMBINE_HIDPI_IMAGES = YES;
				INFOPLIST_FILE = CounterTouchBar/Info.plist;
				LD_RUNPATH_SEARCH_PATHS = "$(inherited) @executable_path/../Frameworks";
				PRODUCT_BUNDLE_IDENTIFIER = com.n3tr.CounterTouchBar;
				PRODUCT_NAME = "$(TARGET_NAME)";
				SWIFT_VERSION = 3.0;
			};
			name = Debug;
		};
		6A3F29761DC4C65E00C7E450 /* Release */ = {
			isa = XCBuildConfiguration;
			buildSettings = {
				ASSETCATALOG_COMPILER_APPICON_NAME = AppIcon;
				COMBINE_HIDPI_IMAGES = YES;
				INFOPLIST_FILE = CounterTouchBar/Info.plist;
				LD_RUNPATH_SEARCH_PATHS = "$(inherited) @executable_path/../Frameworks";
				PRODUCT_BUNDLE_IDENTIFIER = com.n3tr.CounterTouchBar;
				PRODUCT_NAME = "$(TARGET_NAME)";
				SWIFT_VERSION = 3.0;
			};
			name = Release;
		};
/* End XCBuildConfiguration section */

/* Begin XCConfigurationList section */
		6A3F29601DC4C65E00C7E450 /* Build configuration list for PBXProject "CounterTouchBar" */ = {
			isa = XCConfigurationList;
			buildConfigurations = (
				6A3F29721DC4C65E00C7E450 /* Debug */,
				6A3F29731DC4C65E00C7E450 /* Release */,
			);
			defaultConfigurationIsVisible = 0;
			defaultConfigurationName = Release;
		};
		6A3F29741DC4C65E00C7E450 /* Build configuration list for PBXNativeTarget "CounterTouchBar" */ = {
			isa = XCConfigurationList;
			buildConfigurations = (
				6A3F29751DC4C65E00C7E450 /* Debug */,
				6A3F29761DC4C65E00C7E450 /* Release */,
			);
			defaultConfigurationIsVisible = 0;
		};
/* End XCConfigurationList section */
	};
	rootObject = 6A3F295D1DC4C65E00C7E450 /* Project object */;
}
